
Microsoft Visual Studio Solution File, Format Version 11.00
# Visual Studio 2010
Project("{FAE04EC0-301F-11D3-BF4B-00C04F79EFBC}") = "Chromaton", "Chromaton\Chromaton.csproj", "{77F138CD-2A60-45CD-8FDC-3E2CD0ECAB0D}"
EndProject
Global
	GlobalSection(SolutionConfigurationPlatforms) = preSolution
		Debug|Any CPU = Debug|Any CPU
		Release|Any CPU = Release|Any CPU
	EndGlobalSection
	GlobalSection(ProjectConfigurationPlatforms) = postSolution
		{77F138CD-2A60-45CD-8FDC-3E2CD0ECAB0D}.Debug|Any CPU.ActiveCfg = Debug|Any CPU
		{77F138CD-2A60-45CD-8FDC-3E2CD0ECAB0D}.Debug|Any CPU.Build.0 = Debug|Any CPU
		{77F138CD-2A60-45CD-8FDC-3E2CD0ECAB0D}.Release|Any CPU.ActiveCfg = Release|Any CPU
		{77F138CD-2A60-45CD-8FDC-3E2CD0ECAB0D}.Release|Any CPU.Build.0 = Release|Any CPU
	EndGlobalSection
	GlobalSection(SolutionProperties) = preSolution
		HideSolutionNode = FALSE
	EndGlobalSection
EndGlobal
