
Microsoft Visual Studio Solution File, Format Version 11.00
# Visual Studio 2010
Project("{FAE04EC0-301F-11D3-BF4B-00C04F79EFBC}") = "Chromaton", "Chromaton\Chromaton.csproj", "{77F138CD-2A60-45CD-8FDC-3E2CD0ECAB0D}"
EndProject
Project("{FAE04EC0-301F-11D3-BF4B-00C04F79EFBC}") = "Chromaton.Tests", "Chromaton.Tests\Chromaton.Tests.csproj", "{CF4E1B9B-3E41-42B9-9CBB-468372FABE4B}"
EndProject
Project("{2150E333-8FDC-42A3-9474-1A3956D46DE8}") = "Solution Items", "Solution Items", "{99D1541D-1E93-416B-9BEA-175800B4DF0A}"
	ProjectSection(SolutionItems) = preProject
		COPYING.LESSER.txt = COPYING.LESSER.txt
		COPYING.txt = COPYING.txt
		README.md = README.md
		Settings.StyleCop = Settings.StyleCop
	EndProjectSection
EndProject
Global
	GlobalSection(SolutionConfigurationPlatforms) = preSolution
		Debug|Any CPU = Debug|Any CPU
		Release|Any CPU = Release|Any CPU
	EndGlobalSection
	GlobalSection(ProjectConfigurationPlatforms) = postSolution
		{77F138CD-2A60-45CD-8FDC-3E2CD0ECAB0D}.Debug|Any CPU.ActiveCfg = Debug|Any CPU
		{77F138CD-2A60-45CD-8FDC-3E2CD0ECAB0D}.Debug|Any CPU.Build.0 = Debug|Any CPU
		{77F138CD-2A60-45CD-8FDC-3E2CD0ECAB0D}.Release|Any CPU.ActiveCfg = Release|Any CPU
		{77F138CD-2A60-45CD-8FDC-3E2CD0ECAB0D}.Release|Any CPU.Build.0 = Release|Any CPU
		{CF4E1B9B-3E41-42B9-9CBB-468372FABE4B}.Debug|Any CPU.ActiveCfg = Debug|Any CPU
		{CF4E1B9B-3E41-42B9-9CBB-468372FABE4B}.Debug|Any CPU.Build.0 = Debug|Any CPU
		{CF4E1B9B-3E41-42B9-9CBB-468372FABE4B}.Release|Any CPU.ActiveCfg = Release|Any CPU
		{CF4E1B9B-3E41-42B9-9CBB-468372FABE4B}.Release|Any CPU.Build.0 = Release|Any CPU
	EndGlobalSection
	GlobalSection(SolutionProperties) = preSolution
		HideSolutionNode = FALSE
	EndGlobalSection
EndGlobal
